
Microsoft Visual Studio Solution File, Format Version 12.00
# Visual Studio Version 16
VisualStudioVersion = 16.0.30907.101
MinimumVisualStudioVersion = 10.0.40219.1
Project("{00D1A9C2-B5F0-4AF3-8072-F6C62B433612}") = "ICData", "ICData\ICData.sqlproj", "{2556E1BE-546C-4006-84ED-D51F95363EDA}"
EndProject
Project("{FAE04EC0-301F-11D3-BF4B-00C04F79EFBC}") = "ICDataManager", "ICDataManager\ICDataManager.csproj", "{FD489F9A-E1B1-4DD2-BF2B-CCFF00DD7E6F}"
EndProject
Project("{FAE04EC0-301F-11D3-BF4B-00C04F79EFBC}") = "ICWebUI", "ICWebUI\ICWebUI.csproj", "{B9994EBD-6CC2-4ED2-9072-9C1E14C0FC2D}"
EndProject
Global
	GlobalSection(SolutionConfigurationPlatforms) = preSolution
		Debug|Any CPU = Debug|Any CPU
		Release|Any CPU = Release|Any CPU
	EndGlobalSection
	GlobalSection(ProjectConfigurationPlatforms) = postSolution
		{2556E1BE-546C-4006-84ED-D51F95363EDA}.Debug|Any CPU.ActiveCfg = Debug|Any CPU
		{2556E1BE-546C-4006-84ED-D51F95363EDA}.Debug|Any CPU.Build.0 = Debug|Any CPU
		{2556E1BE-546C-4006-84ED-D51F95363EDA}.Debug|Any CPU.Deploy.0 = Debug|Any CPU
		{2556E1BE-546C-4006-84ED-D51F95363EDA}.Release|Any CPU.ActiveCfg = Release|Any CPU
		{2556E1BE-546C-4006-84ED-D51F95363EDA}.Release|Any CPU.Build.0 = Release|Any CPU
		{2556E1BE-546C-4006-84ED-D51F95363EDA}.Release|Any CPU.Deploy.0 = Release|Any CPU
		{FD489F9A-E1B1-4DD2-BF2B-CCFF00DD7E6F}.Debug|Any CPU.ActiveCfg = Debug|Any CPU
		{FD489F9A-E1B1-4DD2-BF2B-CCFF00DD7E6F}.Debug|Any CPU.Build.0 = Debug|Any CPU
		{FD489F9A-E1B1-4DD2-BF2B-CCFF00DD7E6F}.Release|Any CPU.ActiveCfg = Release|Any CPU
		{FD489F9A-E1B1-4DD2-BF2B-CCFF00DD7E6F}.Release|Any CPU.Build.0 = Release|Any CPU
		{B9994EBD-6CC2-4ED2-9072-9C1E14C0FC2D}.Debug|Any CPU.ActiveCfg = Debug|Any CPU
		{B9994EBD-6CC2-4ED2-9072-9C1E14C0FC2D}.Debug|Any CPU.Build.0 = Debug|Any CPU
		{B9994EBD-6CC2-4ED2-9072-9C1E14C0FC2D}.Release|Any CPU.ActiveCfg = Release|Any CPU
		{B9994EBD-6CC2-4ED2-9072-9C1E14C0FC2D}.Release|Any CPU.Build.0 = Release|Any CPU
	EndGlobalSection
	GlobalSection(SolutionProperties) = preSolution
		HideSolutionNode = FALSE
	EndGlobalSection
	GlobalSection(ExtensibilityGlobals) = postSolution
		SolutionGuid = {96343685-F19B-4A5D-993C-3BDFB0B42C93}
	EndGlobalSection
EndGlobal
